
Microsoft Visual Studio Solution File, Format Version 12.00
Project("{2150E333-8FDC-42A3-9474-1A3956D46DE8}") = "Doc", "Doc", "{400E4DE6-4CE2-473E-98BC-2B63F83B13E7}"
EndProject
Project("{2150E333-8FDC-42A3-9474-1A3956D46DE8}") = "Core", "Core", "{E8F43C25-C2FD-44E6-B686-29E33B71150D}"
EndProject
Project("{2150E333-8FDC-42A3-9474-1A3956D46DE8}") = "Test", "Test", "{BD5EA3AB-41AF-44BB-A52E-9FC8D1998203}"
EndProject
Project("{2150E333-8FDC-42A3-9474-1A3956D46DE8}") = "Api", "Api", "{8E091FC8-E9D5-4AFA-91C2-ED298CCD1E6D}"
EndProject
Project("{FAE04EC0-301F-11D3-BF4B-00C04F79EFBC}") = "RES.Domain", "RES.Domain\RES.Domain.csproj", "{56EF2398-956E-4DC4-A347-22A617559526}"
EndProject
Project("{FAE04EC0-301F-11D3-BF4B-00C04F79EFBC}") = "RES.Application", "RES.Application\RES.Application.csproj", "{C34F210B-F91C-4BCA-81EC-68CBB15A4CCE}"
EndProject
Project("{FAE04EC0-301F-11D3-BF4B-00C04F79EFBC}") = "RES.Commom", "RES.Commom\RES.Commom.csproj", "{3387A19E-0981-4A16-9234-73CA9C02E7BA}"
EndProject
Project("{FAE04EC0-301F-11D3-BF4B-00C04F79EFBC}") = "RES.Infrastructure", "RES.Infrastructure\RES.Infrastructure.csproj", "{CCCD4692-3736-420E-8708-B94992790040}"
EndProject
Global
	GlobalSection(SolutionConfigurationPlatforms) = preSolution
		Debug|Any CPU = Debug|Any CPU
		Release|Any CPU = Release|Any CPU
	EndGlobalSection
	GlobalSection(NestedProjects) = preSolution
		{56EF2398-956E-4DC4-A347-22A617559526} = {E8F43C25-C2FD-44E6-B686-29E33B71150D}
		{C34F210B-F91C-4BCA-81EC-68CBB15A4CCE} = {E8F43C25-C2FD-44E6-B686-29E33B71150D}
		{3387A19E-0981-4A16-9234-73CA9C02E7BA} = {E8F43C25-C2FD-44E6-B686-29E33B71150D}
		{CCCD4692-3736-420E-8708-B94992790040} = {E8F43C25-C2FD-44E6-B686-29E33B71150D}
	EndGlobalSection
	GlobalSection(ProjectConfigurationPlatforms) = postSolution
		{56EF2398-956E-4DC4-A347-22A617559526}.Debug|Any CPU.ActiveCfg = Debug|Any CPU
		{56EF2398-956E-4DC4-A347-22A617559526}.Debug|Any CPU.Build.0 = Debug|Any CPU
		{56EF2398-956E-4DC4-A347-22A617559526}.Release|Any CPU.ActiveCfg = Release|Any CPU
		{56EF2398-956E-4DC4-A347-22A617559526}.Release|Any CPU.Build.0 = Release|Any CPU
		{C34F210B-F91C-4BCA-81EC-68CBB15A4CCE}.Debug|Any CPU.ActiveCfg = Debug|Any CPU
		{C34F210B-F91C-4BCA-81EC-68CBB15A4CCE}.Debug|Any CPU.Build.0 = Debug|Any CPU
		{C34F210B-F91C-4BCA-81EC-68CBB15A4CCE}.Release|Any CPU.ActiveCfg = Release|Any CPU
		{C34F210B-F91C-4BCA-81EC-68CBB15A4CCE}.Release|Any CPU.Build.0 = Release|Any CPU
		{3387A19E-0981-4A16-9234-73CA9C02E7BA}.Debug|Any CPU.ActiveCfg = Debug|Any CPU
		{3387A19E-0981-4A16-9234-73CA9C02E7BA}.Debug|Any CPU.Build.0 = Debug|Any CPU
		{3387A19E-0981-4A16-9234-73CA9C02E7BA}.Release|Any CPU.ActiveCfg = Release|Any CPU
		{3387A19E-0981-4A16-9234-73CA9C02E7BA}.Release|Any CPU.Build.0 = Release|Any CPU
		{CCCD4692-3736-420E-8708-B94992790040}.Debug|Any CPU.ActiveCfg = Debug|Any CPU
		{CCCD4692-3736-420E-8708-B94992790040}.Debug|Any CPU.Build.0 = Debug|Any CPU
		{CCCD4692-3736-420E-8708-B94992790040}.Release|Any CPU.ActiveCfg = Release|Any CPU
		{CCCD4692-3736-420E-8708-B94992790040}.Release|Any CPU.Build.0 = Release|Any CPU
	EndGlobalSection
EndGlobal
